
Microsoft Visual Studio Solution File, Format Version 12.00
Project("{FAE04EC0-301F-11D3-BF4B-00C04F79EFBC}") = "PJATK_APBD_E4", "PJATK_APBD_E4.csproj", "{32BE41FC-578A-4906-8601-EC6078DEAA09}"
EndProject
Global
	GlobalSection(SolutionConfigurationPlatforms) = preSolution
		Debug|Any CPU = Debug|Any CPU
		Release|Any CPU = Release|Any CPU
	EndGlobalSection
	GlobalSection(ProjectConfigurationPlatforms) = postSolution
		{32BE41FC-578A-4906-8601-EC6078DEAA09}.Debug|Any CPU.ActiveCfg = Debug|Any CPU
		{32BE41FC-578A-4906-8601-EC6078DEAA09}.Debug|Any CPU.Build.0 = Debug|Any CPU
		{32BE41FC-578A-4906-8601-EC6078DEAA09}.Release|Any CPU.ActiveCfg = Release|Any CPU
		{32BE41FC-578A-4906-8601-EC6078DEAA09}.Release|Any CPU.Build.0 = Release|Any CPU
	EndGlobalSection
EndGlobal
